
Microsoft Visual Studio Solution File, Format Version 12.00
# Visual Studio Version 17
VisualStudioVersion = 17.9.34607.119
MinimumVisualStudioVersion = 10.0.40219.1
Project("{FAE04EC0-301F-11D3-BF4B-00C04F79EFBC}") = "LivrariaAPI", "LivrariaAPI\LivrariaAPI.csproj", "{A104B03B-5C79-496E-9662-82BBF413C54B}"
EndProject
Global
	GlobalSection(SolutionConfigurationPlatforms) = preSolution
		Debug|Any CPU = Debug|Any CPU
		Release|Any CPU = Release|Any CPU
	EndGlobalSection
	GlobalSection(ProjectConfigurationPlatforms) = postSolution
		{A104B03B-5C79-496E-9662-82BBF413C54B}.Debug|Any CPU.ActiveCfg = Debug|Any CPU
		{A104B03B-5C79-496E-9662-82BBF413C54B}.Debug|Any CPU.Build.0 = Debug|Any CPU
		{A104B03B-5C79-496E-9662-82BBF413C54B}.Release|Any CPU.ActiveCfg = Release|Any CPU
		{A104B03B-5C79-496E-9662-82BBF413C54B}.Release|Any CPU.Build.0 = Release|Any CPU
	EndGlobalSection
	GlobalSection(SolutionProperties) = preSolution
		HideSolutionNode = FALSE
	EndGlobalSection
	GlobalSection(ExtensibilityGlobals) = postSolution
		SolutionGuid = {3608619D-079E-4721-A323-F55231A8678C}
	EndGlobalSection
EndGlobal
